
Microsoft Visual Studio Solution File, Format Version 12.00
# Visual Studio Version 17
VisualStudioVersion = 17.4.33213.308
MinimumVisualStudioVersion = 10.0.40219.1
Project("{FAE04EC0-301F-11D3-BF4B-00C04F79EFBC}") = "Ex25-TusindfrydWPF", "Ex25-TusindfrydWPF\Ex25-TusindfrydWPF.csproj", "{D4CDCC37-3161-44C1-828B-487C2E65CEE7}"
EndProject
Global
	GlobalSection(SolutionConfigurationPlatforms) = preSolution
		Debug|Any CPU = Debug|Any CPU
		Release|Any CPU = Release|Any CPU
	EndGlobalSection
	GlobalSection(ProjectConfigurationPlatforms) = postSolution
		{D4CDCC37-3161-44C1-828B-487C2E65CEE7}.Debug|Any CPU.ActiveCfg = Debug|Any CPU
		{D4CDCC37-3161-44C1-828B-487C2E65CEE7}.Debug|Any CPU.Build.0 = Debug|Any CPU
		{D4CDCC37-3161-44C1-828B-487C2E65CEE7}.Release|Any CPU.ActiveCfg = Release|Any CPU
		{D4CDCC37-3161-44C1-828B-487C2E65CEE7}.Release|Any CPU.Build.0 = Release|Any CPU
	EndGlobalSection
	GlobalSection(SolutionProperties) = preSolution
		HideSolutionNode = FALSE
	EndGlobalSection
	GlobalSection(ExtensibilityGlobals) = postSolution
		SolutionGuid = {08EBC3F8-39EC-4501-9E68-03920C7090E7}
	EndGlobalSection
EndGlobal
